
Microsoft Visual Studio Solution File, Format Version 12.00
# Visual Studio Version 17
VisualStudioVersion = 17.4.33110.190
MinimumVisualStudioVersion = 10.0.40219.1
Project("{FAE04EC0-301F-11D3-BF4B-00C04F79EFBC}") = "monitKars", "monitKars.csproj", "{094CA82B-DEB0-4207-83A2-D599BDD969D3}"
EndProject
Global
	GlobalSection(SolutionConfigurationPlatforms) = preSolution
		Debug|Any CPU = Debug|Any CPU
		Release|Any CPU = Release|Any CPU
	EndGlobalSection
	GlobalSection(ProjectConfigurationPlatforms) = postSolution
		{094CA82B-DEB0-4207-83A2-D599BDD969D3}.Debug|Any CPU.ActiveCfg = Debug|Any CPU
		{094CA82B-DEB0-4207-83A2-D599BDD969D3}.Debug|Any CPU.Build.0 = Debug|Any CPU
		{094CA82B-DEB0-4207-83A2-D599BDD969D3}.Release|Any CPU.ActiveCfg = Release|Any CPU
		{094CA82B-DEB0-4207-83A2-D599BDD969D3}.Release|Any CPU.Build.0 = Release|Any CPU
	EndGlobalSection
	GlobalSection(SolutionProperties) = preSolution
		HideSolutionNode = FALSE
	EndGlobalSection
	GlobalSection(ExtensibilityGlobals) = postSolution
		SolutionGuid = {09804349-E9E0-423D-B130-15760D583E23}
	EndGlobalSection
EndGlobal
