
Microsoft Visual Studio Solution File, Format Version 12.00
# Visual Studio Version 17
VisualStudioVersion = 17.4.33205.214
MinimumVisualStudioVersion = 10.0.40219.1
Project("{FAE04EC0-301F-11D3-BF4B-00C04F79EFBC}") = "monitKars", "monitKars\monitKars.csproj", "{98F3EACB-7A39-47F8-87D8-2240409A3DEA}"
EndProject
Global
	GlobalSection(SolutionConfigurationPlatforms) = preSolution
		Debug|Any CPU = Debug|Any CPU
		Release|Any CPU = Release|Any CPU
	EndGlobalSection
	GlobalSection(ProjectConfigurationPlatforms) = postSolution
		{98F3EACB-7A39-47F8-87D8-2240409A3DEA}.Debug|Any CPU.ActiveCfg = Debug|Any CPU
		{98F3EACB-7A39-47F8-87D8-2240409A3DEA}.Debug|Any CPU.Build.0 = Debug|Any CPU
		{98F3EACB-7A39-47F8-87D8-2240409A3DEA}.Release|Any CPU.ActiveCfg = Release|Any CPU
		{98F3EACB-7A39-47F8-87D8-2240409A3DEA}.Release|Any CPU.Build.0 = Release|Any CPU
	EndGlobalSection
	GlobalSection(SolutionProperties) = preSolution
		HideSolutionNode = FALSE
	EndGlobalSection
	GlobalSection(ExtensibilityGlobals) = postSolution
		SolutionGuid = {223BE22F-C59A-4A0D-9196-746B1266E575}
	EndGlobalSection
EndGlobal
